Microsoft Visual Studio Solution File, Format Version 11.00
# Visual Studio 2008

Project("{6ABE5549-1BF6-8A38-7310-6A1945AD631E}") = "Dexter", "Assembly-CSharp-firstpass.csproj", "{223C855B-13F4-A6D4-816D-04077BDAF16D}"
EndProject
Project("{6ABE5549-1BF6-8A38-7310-6A1945AD631E}") = "Dexter", "Assembly-CSharp.csproj", "{380261F0-7759-8B09-B359-63E8A5290BEF}"
EndProject
Project("{6ABE5549-1BF6-8A38-7310-6A1945AD631E}") = "Dexter", "Assembly-CSharp-Editor.csproj", "{22CEA0E1-FAEF-FDD6-A469-7D06FCD3ED9D}"
EndProject
Global
	GlobalSection(SolutionConfigurationPlatforms) = preSolution
		Debug|Any CPU = Debug|Any CPU
		Release|Any CPU = Release|Any CPU
	EndGlobalSection
	GlobalSection(ProjectConfigurationPlatforms) = postSolution
		{223C855B-13F4-A6D4-816D-04077BDAF16D}.Debug|Any CPU.ActiveCfg = Debug|Any CPU
		{223C855B-13F4-A6D4-816D-04077BDAF16D}.Debug|Any CPU.Build.0 = Debug|Any CPU
		{223C855B-13F4-A6D4-816D-04077BDAF16D}.Release|Any CPU.ActiveCfg = Release|Any CPU
		{223C855B-13F4-A6D4-816D-04077BDAF16D}.Release|Any CPU.Build.0 = Release|Any CPU
		{380261F0-7759-8B09-B359-63E8A5290BEF}.Debug|Any CPU.ActiveCfg = Debug|Any CPU
		{380261F0-7759-8B09-B359-63E8A5290BEF}.Debug|Any CPU.Build.0 = Debug|Any CPU
		{380261F0-7759-8B09-B359-63E8A5290BEF}.Release|Any CPU.ActiveCfg = Release|Any CPU
		{380261F0-7759-8B09-B359-63E8A5290BEF}.Release|Any CPU.Build.0 = Release|Any CPU
		{22CEA0E1-FAEF-FDD6-A469-7D06FCD3ED9D}.Debug|Any CPU.ActiveCfg = Debug|Any CPU
		{22CEA0E1-FAEF-FDD6-A469-7D06FCD3ED9D}.Debug|Any CPU.Build.0 = Debug|Any CPU
		{22CEA0E1-FAEF-FDD6-A469-7D06FCD3ED9D}.Release|Any CPU.ActiveCfg = Release|Any CPU
		{22CEA0E1-FAEF-FDD6-A469-7D06FCD3ED9D}.Release|Any CPU.Build.0 = Release|Any CPU
	EndGlobalSection
	GlobalSection(SolutionProperties) = preSolution
		HideSolutionNode = FALSE
	EndGlobalSection
	GlobalSection(MonoDevelopProperties) = preSolution
		StartupItem = Assembly-CSharp.csproj
	EndGlobalSection
EndGlobal
