Microsoft Visual Studio Solution File, Format Version 11.00
# Visual Studio 2008

Project("{A2F91979-C110-1EAC-0F57-E8AEB73A4111}") = "Terrain William", "Assembly-CSharp-firstpass.csproj", "{D48EDD24-87D9-8DA8-9A0C-CFF0335BA477}"
EndProject
Project("{A2F91979-C110-1EAC-0F57-E8AEB73A4111}") = "Terrain William", "Assembly-CSharp.csproj", "{AF90F2CB-27B9-E765-85C2-4CF6673DD5C7}"
EndProject
Project("{A2F91979-C110-1EAC-0F57-E8AEB73A4111}") = "Terrain William", "Assembly-CSharp-Editor.csproj", "{675EC670-7A58-B3FD-91B7-AC075746EFB4}"
EndProject
Global
	GlobalSection(SolutionConfigurationPlatforms) = preSolution
		Debug|Any CPU = Debug|Any CPU
		Release|Any CPU = Release|Any CPU
	EndGlobalSection
	GlobalSection(ProjectConfigurationPlatforms) = postSolution
		{D48EDD24-87D9-8DA8-9A0C-CFF0335BA477}.Debug|Any CPU.ActiveCfg = Debug|Any CPU
		{D48EDD24-87D9-8DA8-9A0C-CFF0335BA477}.Debug|Any CPU.Build.0 = Debug|Any CPU
		{D48EDD24-87D9-8DA8-9A0C-CFF0335BA477}.Release|Any CPU.ActiveCfg = Release|Any CPU
		{D48EDD24-87D9-8DA8-9A0C-CFF0335BA477}.Release|Any CPU.Build.0 = Release|Any CPU
		{AF90F2CB-27B9-E765-85C2-4CF6673DD5C7}.Debug|Any CPU.ActiveCfg = Debug|Any CPU
		{AF90F2CB-27B9-E765-85C2-4CF6673DD5C7}.Debug|Any CPU.Build.0 = Debug|Any CPU
		{AF90F2CB-27B9-E765-85C2-4CF6673DD5C7}.Release|Any CPU.ActiveCfg = Release|Any CPU
		{AF90F2CB-27B9-E765-85C2-4CF6673DD5C7}.Release|Any CPU.Build.0 = Release|Any CPU
		{675EC670-7A58-B3FD-91B7-AC075746EFB4}.Debug|Any CPU.ActiveCfg = Debug|Any CPU
		{675EC670-7A58-B3FD-91B7-AC075746EFB4}.Debug|Any CPU.Build.0 = Debug|Any CPU
		{675EC670-7A58-B3FD-91B7-AC075746EFB4}.Release|Any CPU.ActiveCfg = Release|Any CPU
		{675EC670-7A58-B3FD-91B7-AC075746EFB4}.Release|Any CPU.Build.0 = Release|Any CPU
	EndGlobalSection
	GlobalSection(SolutionProperties) = preSolution
		HideSolutionNode = FALSE
	EndGlobalSection
	GlobalSection(MonoDevelopProperties) = preSolution
		StartupItem = Assembly-CSharp.csproj
	EndGlobalSection
EndGlobal
